
Microsoft Visual Studio Solution File, Format Version 12.00
# Visual Studio Version 16
VisualStudioVersion = 16.0.30011.22
MinimumVisualStudioVersion = 10.0.40219.1
Project("{FAE04EC0-301F-11D3-BF4B-00C04F79EFBC}") = "MessiahSolutions.com", "MessiahSolutions.com.csproj", "{5C00C6B4-AA9C-4D2A-8A79-01E48F031C43}"
EndProject
Global
	GlobalSection(SolutionConfigurationPlatforms) = preSolution
		Debug|Any CPU = Debug|Any CPU
		Release|Any CPU = Release|Any CPU
	EndGlobalSection
	GlobalSection(ProjectConfigurationPlatforms) = postSolution
		{5C00C6B4-AA9C-4D2A-8A79-01E48F031C43}.Debug|Any CPU.ActiveCfg = Debug|Any CPU
		{5C00C6B4-AA9C-4D2A-8A79-01E48F031C43}.Debug|Any CPU.Build.0 = Debug|Any CPU
		{5C00C6B4-AA9C-4D2A-8A79-01E48F031C43}.Release|Any CPU.ActiveCfg = Release|Any CPU
		{5C00C6B4-AA9C-4D2A-8A79-01E48F031C43}.Release|Any CPU.Build.0 = Release|Any CPU
	EndGlobalSection
	GlobalSection(SolutionProperties) = preSolution
		HideSolutionNode = FALSE
	EndGlobalSection
	GlobalSection(ExtensibilityGlobals) = postSolution
		SolutionGuid = {C2E05E74-9AC2-49E0-87F7-7BFCB6E85CE9}
	EndGlobalSection
EndGlobal
